
Microsoft Visual Studio Solution File, Format Version 12.00
# Visual Studio Version 17
VisualStudioVersion = 17.4.33213.308
MinimumVisualStudioVersion = 10.0.40219.1
Project("{9A19103F-16F7-4668-BE54-9A1E7A4F7556}") = "BetterSettingsApi", "BetterSettingsApi.csproj", "{231CFA58-61AD-406A-B90B-4F95B4BD197D}"
EndProject
Global
	GlobalSection(SolutionConfigurationPlatforms) = preSolution
		Debug|Any CPU = Debug|Any CPU
		Release|Any CPU = Release|Any CPU
	EndGlobalSection
	GlobalSection(ProjectConfigurationPlatforms) = postSolution
		{231CFA58-61AD-406A-B90B-4F95B4BD197D}.Debug|Any CPU.ActiveCfg = Debug|Any CPU
		{231CFA58-61AD-406A-B90B-4F95B4BD197D}.Debug|Any CPU.Build.0 = Debug|Any CPU
		{231CFA58-61AD-406A-B90B-4F95B4BD197D}.Release|Any CPU.ActiveCfg = Release|Any CPU
		{231CFA58-61AD-406A-B90B-4F95B4BD197D}.Release|Any CPU.Build.0 = Release|Any CPU
	EndGlobalSection
	GlobalSection(SolutionProperties) = preSolution
		HideSolutionNode = FALSE
	EndGlobalSection
	GlobalSection(ExtensibilityGlobals) = postSolution
		SolutionGuid = {073E30C6-2B14-4969-A7A3-6DA1A2B9CEAE}
	EndGlobalSection
EndGlobal
